
Microsoft Visual Studio Solution File, Format Version 12.00
# Visual Studio Version 17
VisualStudioVersion = 17.9.34723.18
MinimumVisualStudioVersion = 10.0.40219.1
Project("{8BC9CEB8-8B4A-11D0-8D11-00A0C91BC942}") = "PF Assignment", "PF Assignment.vcxproj", "{46AD00A8-AA6A-4D29-948B-8DDD7BB3896F}"
EndProject
Global
	GlobalSection(SolutionConfigurationPlatforms) = preSolution
		Debug|x64 = Debug|x64
		Debug|x86 = Debug|x86
		Release|x64 = Release|x64
		Release|x86 = Release|x86
	EndGlobalSection
	GlobalSection(ProjectConfigurationPlatforms) = postSolution
		{46AD00A8-AA6A-4D29-948B-8DDD7BB3896F}.Debug|x64.ActiveCfg = Debug|x64
		{46AD00A8-AA6A-4D29-948B-8DDD7BB3896F}.Debug|x64.Build.0 = Debug|x64
		{46AD00A8-AA6A-4D29-948B-8DDD7BB3896F}.Debug|x86.ActiveCfg = Debug|Win32
		{46AD00A8-AA6A-4D29-948B-8DDD7BB3896F}.Debug|x86.Build.0 = Debug|Win32
		{46AD00A8-AA6A-4D29-948B-8DDD7BB3896F}.Release|x64.ActiveCfg = Release|x64
		{46AD00A8-AA6A-4D29-948B-8DDD7BB3896F}.Release|x64.Build.0 = Release|x64
		{46AD00A8-AA6A-4D29-948B-8DDD7BB3896F}.Release|x86.ActiveCfg = Release|Win32
		{46AD00A8-AA6A-4D29-948B-8DDD7BB3896F}.Release|x86.Build.0 = Release|Win32
	EndGlobalSection
	GlobalSection(SolutionProperties) = preSolution
		HideSolutionNode = FALSE
	EndGlobalSection
	GlobalSection(ExtensibilityGlobals) = postSolution
		SolutionGuid = {8FABC088-8EBE-4FE8-812C-7AF8FA8C9765}
	EndGlobalSection
EndGlobal
