
Microsoft Visual Studio Solution File, Format Version 12.00
# Visual Studio Version 17
VisualStudioVersion = 17.8.34408.163
MinimumVisualStudioVersion = 10.0.40219.1
Project("{8BC9CEB8-8B4A-11D0-8D11-00A0C91BC942}") = "project for lab", "project for lab.vcxproj", "{D2575FAE-F7CE-4778-89FE-2C63BA044566}"
EndProject
Global
	GlobalSection(SolutionConfigurationPlatforms) = preSolution
		Debug|x64 = Debug|x64
		Debug|x86 = Debug|x86
		Release|x64 = Release|x64
		Release|x86 = Release|x86
	EndGlobalSection
	GlobalSection(ProjectConfigurationPlatforms) = postSolution
		{D2575FAE-F7CE-4778-89FE-2C63BA044566}.Debug|x64.ActiveCfg = Debug|x64
		{D2575FAE-F7CE-4778-89FE-2C63BA044566}.Debug|x64.Build.0 = Debug|x64
		{D2575FAE-F7CE-4778-89FE-2C63BA044566}.Debug|x86.ActiveCfg = Debug|Win32
		{D2575FAE-F7CE-4778-89FE-2C63BA044566}.Debug|x86.Build.0 = Debug|Win32
		{D2575FAE-F7CE-4778-89FE-2C63BA044566}.Release|x64.ActiveCfg = Release|x64
		{D2575FAE-F7CE-4778-89FE-2C63BA044566}.Release|x64.Build.0 = Release|x64
		{D2575FAE-F7CE-4778-89FE-2C63BA044566}.Release|x86.ActiveCfg = Release|Win32
		{D2575FAE-F7CE-4778-89FE-2C63BA044566}.Release|x86.Build.0 = Release|Win32
	EndGlobalSection
	GlobalSection(SolutionProperties) = preSolution
		HideSolutionNode = FALSE
	EndGlobalSection
	GlobalSection(ExtensibilityGlobals) = postSolution
		SolutionGuid = {C7821FA6-DA31-4777-8E7B-2D5C45A9A40C}
	EndGlobalSection
EndGlobal
